
Microsoft Visual Studio Solution File, Format Version 12.00
# Visual Studio 15
VisualStudioVersion = 15.0.28307.329
MinimumVisualStudioVersion = 10.0.40219.1
Project("{FAE04EC0-301F-11D3-BF4B-00C04F79EFBC}") = "Teht3ECsharp", "Teht3ECsharp\Teht3ECsharp.csproj", "{B3E94B06-48F1-4752-8128-23DB8187F0EE}"
EndProject
Global
	GlobalSection(SolutionConfigurationPlatforms) = preSolution
		Debug|Any CPU = Debug|Any CPU
		Release|Any CPU = Release|Any CPU
	EndGlobalSection
	GlobalSection(ProjectConfigurationPlatforms) = postSolution
		{B3E94B06-48F1-4752-8128-23DB8187F0EE}.Debug|Any CPU.ActiveCfg = Debug|Any CPU
		{B3E94B06-48F1-4752-8128-23DB8187F0EE}.Debug|Any CPU.Build.0 = Debug|Any CPU
		{B3E94B06-48F1-4752-8128-23DB8187F0EE}.Release|Any CPU.ActiveCfg = Release|Any CPU
		{B3E94B06-48F1-4752-8128-23DB8187F0EE}.Release|Any CPU.Build.0 = Release|Any CPU
	EndGlobalSection
	GlobalSection(SolutionProperties) = preSolution
		HideSolutionNode = FALSE
	EndGlobalSection
	GlobalSection(ExtensibilityGlobals) = postSolution
		SolutionGuid = {0EF43711-6329-4C91-98AD-0D2A0F2B4ACD}
	EndGlobalSection
EndGlobal
